
Microsoft Visual Studio Solution File, Format Version 12.00
# Visual Studio 15
Project("{FAE04EC0-301F-11D3-BF4B-00C04F79EFBC}") = "SkiaSharpDemo.Android", "SkiaSharpDemo.Android\SkiaSharpDemo.Android.csproj", "{19FDFF84-02B2-489E-B4B5-D1BCBCF2269B}"
EndProject
Project("{FAE04EC0-301F-11D3-BF4B-00C04F79EFBC}") = "SkiaSharpDemo.iOS", "SkiaSharpDemo.iOS\SkiaSharpDemo.iOS.csproj", "{18BE3A14-FD9A-4B6D-B4CB-54A46E57CEC8}"
EndProject
Project("{FAE04EC0-301F-11D3-BF4B-00C04F79EFBC}") = "SkiaSharpDemo", "SkiaSharpDemo\SkiaSharpDemo.csproj", "{27F1EB92-5C50-4307-BEF5-FD7E07F6C745}"
EndProject
Global
	GlobalSection(SolutionConfigurationPlatforms) = preSolution
		Debug|Any CPU = Debug|Any CPU
		Release|Any CPU = Release|Any CPU
		Debug|iPhoneSimulator = Debug|iPhoneSimulator
		Release|iPhoneSimulator = Release|iPhoneSimulator
		Debug|iPhone = Debug|iPhone
		Release|iPhone = Release|iPhone
	EndGlobalSection
	GlobalSection(ProjectConfigurationPlatforms) = postSolution
		{19FDFF84-02B2-489E-B4B5-D1BCBCF2269B}.Debug|Any CPU.ActiveCfg = Debug|Any CPU
		{19FDFF84-02B2-489E-B4B5-D1BCBCF2269B}.Debug|Any CPU.Build.0 = Debug|Any CPU
		{19FDFF84-02B2-489E-B4B5-D1BCBCF2269B}.Release|Any CPU.ActiveCfg = Release|Any CPU
		{19FDFF84-02B2-489E-B4B5-D1BCBCF2269B}.Release|Any CPU.Build.0 = Release|Any CPU
		{19FDFF84-02B2-489E-B4B5-D1BCBCF2269B}.Debug|iPhoneSimulator.ActiveCfg = Debug|Any CPU
		{19FDFF84-02B2-489E-B4B5-D1BCBCF2269B}.Debug|iPhoneSimulator.Build.0 = Debug|Any CPU
		{19FDFF84-02B2-489E-B4B5-D1BCBCF2269B}.Release|iPhoneSimulator.ActiveCfg = Release|Any CPU
		{19FDFF84-02B2-489E-B4B5-D1BCBCF2269B}.Release|iPhoneSimulator.Build.0 = Release|Any CPU
		{19FDFF84-02B2-489E-B4B5-D1BCBCF2269B}.Debug|iPhone.ActiveCfg = Debug|Any CPU
		{19FDFF84-02B2-489E-B4B5-D1BCBCF2269B}.Debug|iPhone.Build.0 = Debug|Any CPU
		{19FDFF84-02B2-489E-B4B5-D1BCBCF2269B}.Release|iPhone.ActiveCfg = Release|Any CPU
		{19FDFF84-02B2-489E-B4B5-D1BCBCF2269B}.Release|iPhone.Build.0 = Release|Any CPU
		{18BE3A14-FD9A-4B6D-B4CB-54A46E57CEC8}.Debug|Any CPU.ActiveCfg = Debug|iPhoneSimulator
		{18BE3A14-FD9A-4B6D-B4CB-54A46E57CEC8}.Debug|Any CPU.Build.0 = Debug|iPhoneSimulator
		{18BE3A14-FD9A-4B6D-B4CB-54A46E57CEC8}.Release|Any CPU.ActiveCfg = Release|iPhoneSimulator
		{18BE3A14-FD9A-4B6D-B4CB-54A46E57CEC8}.Release|Any CPU.Build.0 = Release|iPhoneSimulator
		{18BE3A14-FD9A-4B6D-B4CB-54A46E57CEC8}.Debug|iPhoneSimulator.ActiveCfg = Debug|iPhoneSimulator
		{18BE3A14-FD9A-4B6D-B4CB-54A46E57CEC8}.Debug|iPhoneSimulator.Build.0 = Debug|iPhoneSimulator
		{18BE3A14-FD9A-4B6D-B4CB-54A46E57CEC8}.Release|iPhoneSimulator.ActiveCfg = Release|iPhoneSimulator
		{18BE3A14-FD9A-4B6D-B4CB-54A46E57CEC8}.Release|iPhoneSimulator.Build.0 = Release|iPhoneSimulator
		{18BE3A14-FD9A-4B6D-B4CB-54A46E57CEC8}.Debug|iPhone.ActiveCfg = Debug|iPhone
		{18BE3A14-FD9A-4B6D-B4CB-54A46E57CEC8}.Debug|iPhone.Build.0 = Debug|iPhone
		{18BE3A14-FD9A-4B6D-B4CB-54A46E57CEC8}.Release|iPhone.ActiveCfg = Release|iPhone
		{18BE3A14-FD9A-4B6D-B4CB-54A46E57CEC8}.Release|iPhone.Build.0 = Release|iPhone
		{27F1EB92-5C50-4307-BEF5-FD7E07F6C745}.Debug|Any CPU.ActiveCfg = Debug|Any CPU
		{27F1EB92-5C50-4307-BEF5-FD7E07F6C745}.Debug|Any CPU.Build.0 = Debug|Any CPU
		{27F1EB92-5C50-4307-BEF5-FD7E07F6C745}.Release|Any CPU.ActiveCfg = Release|Any CPU
		{27F1EB92-5C50-4307-BEF5-FD7E07F6C745}.Release|Any CPU.Build.0 = Release|Any CPU
		{27F1EB92-5C50-4307-BEF5-FD7E07F6C745}.Debug|iPhoneSimulator.ActiveCfg = Debug|Any CPU
		{27F1EB92-5C50-4307-BEF5-FD7E07F6C745}.Debug|iPhoneSimulator.Build.0 = Debug|Any CPU
		{27F1EB92-5C50-4307-BEF5-FD7E07F6C745}.Release|iPhoneSimulator.ActiveCfg = Release|Any CPU
		{27F1EB92-5C50-4307-BEF5-FD7E07F6C745}.Release|iPhoneSimulator.Build.0 = Release|Any CPU
		{27F1EB92-5C50-4307-BEF5-FD7E07F6C745}.Debug|iPhone.ActiveCfg = Debug|Any CPU
		{27F1EB92-5C50-4307-BEF5-FD7E07F6C745}.Debug|iPhone.Build.0 = Debug|Any CPU
		{27F1EB92-5C50-4307-BEF5-FD7E07F6C745}.Release|iPhone.ActiveCfg = Release|Any CPU
		{27F1EB92-5C50-4307-BEF5-FD7E07F6C745}.Release|iPhone.Build.0 = Release|Any CPU
	EndGlobalSection
EndGlobal
